// !$*UTF8*$!
{
	archiveVersion = 1;
	classes = {
	};
	objectVersion = 56;
	objects = {

/* Begin PBXBuildFile section */
		06241C252A72A1AF00FFCDC4 /* User.swift in Sources */ = {isa = PBXBuildFile; fileRef = 06241C242A72A1AF00FFCDC4 /* User.swift */; };
		0629C3542A8D0EA3007739CB /* TaskRow.swift in Sources */ = {isa = PBXBuildFile; fileRef = 0629C3532A8D0EA3007739CB /* TaskRow.swift */; };
		063F8F2D2A77F665002792D5 /* LocalNotificationService.swift in Sources */ = {isa = PBXBuildFile; fileRef = 063F8F2C2A77F665002792D5 /* LocalNotificationService.swift */; };
		063F8F2F2A77FD3F002792D5 /* LocalNotificationBody.swift in Sources */ = {isa = PBXBuildFile; fileRef = 063F8F2E2A77FD3F002792D5 /* LocalNotificationBody.swift */; };
		065590B12A814BC100A0B5B4 /* TaskStatusBadge.swift in Sources */ = {isa = PBXBuildFile; fileRef = 065590B02A814BC100A0B5B4 /* TaskStatusBadge.swift */; };
		065B0A082A6EA90B00B1D35F /* ChoresApp.swift in Sources */ = {isa = PBXBuildFile; fileRef = 065B0A072A6EA90B00B1D35F /* ChoresApp.swift */; };
		065B0A0C2A6EA90C00B1D35F /* Assets.xcassets in Resources */ = {isa = PBXBuildFile; fileRef = 065B0A0B2A6EA90C00B1D35F /* Assets.xcassets */; };
		065B0A0F2A6EA90C00B1D35F /* Preview Assets.xcassets in Resources */ = {isa = PBXBuildFile; fileRef = 065B0A0E2A6EA90C00B1D35F /* Preview Assets.xcassets */; };
		065B0A192A6EA90C00B1D35F /* ChoresTests.swift in Sources */ = {isa = PBXBuildFile; fileRef = 065B0A182A6EA90C00B1D35F /* ChoresTests.swift */; };
		065B0A232A6EA90C00B1D35F /* ChoresUITests.swift in Sources */ = {isa = PBXBuildFile; fileRef = 065B0A222A6EA90C00B1D35F /* ChoresUITests.swift */; };
		065B0A252A6EA90C00B1D35F /* ChoresUITestsLaunchTests.swift in Sources */ = {isa = PBXBuildFile; fileRef = 065B0A242A6EA90C00B1D35F /* ChoresUITestsLaunchTests.swift */; };
		065B0A332A6EBB9300B1D35F /* Task.swift in Sources */ = {isa = PBXBuildFile; fileRef = 065B0A322A6EBB9300B1D35F /* Task.swift */; };
		066B70202A7BF75100E9FB1E /* Tasks.swift in Sources */ = {isa = PBXBuildFile; fileRef = 066B701F2A7BF75100E9FB1E /* Tasks.swift */; };
		066B70222A7BFD7400E9FB1E /* Color+CustomColors.swift in Sources */ = {isa = PBXBuildFile; fileRef = 066B70212A7BFD7400E9FB1E /* Color+CustomColors.swift */; };
		066B70252A7D339300E9FB1E /* TaskItem.swift in Sources */ = {isa = PBXBuildFile; fileRef = 066B70242A7D339300E9FB1E /* TaskItem.swift */; };
		067DFA1E2A6EC89000A0E2F6 /* Decodable+LoadData.swift in Sources */ = {isa = PBXBuildFile; fileRef = 067DFA1D2A6EC89000A0E2F6 /* Decodable+LoadData.swift */; };
		069EC1552A93175A002BBDE6 /* NewResident.swift in Sources */ = {isa = PBXBuildFile; fileRef = 069EC1542A93175A002BBDE6 /* NewResident.swift */; };
		069EC1572A93183F002BBDE6 /* NewResidentViewModel.swift in Sources */ = {isa = PBXBuildFile; fileRef = 069EC1562A93183F002BBDE6 /* NewResidentViewModel.swift */; };
		069EC1592A934B6E002BBDE6 /* Residents.swift in Sources */ = {isa = PBXBuildFile; fileRef = 069EC1582A934B6E002BBDE6 /* Residents.swift */; };
		069EC15B2A934B9D002BBDE6 /* ResidentsViewModel.swift in Sources */ = {isa = PBXBuildFile; fileRef = 069EC15A2A934B9D002BBDE6 /* ResidentsViewModel.swift */; };
		069EC15E2A934F35002BBDE6 /* RealmHelper.swift in Sources */ = {isa = PBXBuildFile; fileRef = 069EC15D2A934F35002BBDE6 /* RealmHelper.swift */; };
		06BCFF812A833C0700D212A9 /* TaskViewModel.swift in Sources */ = {isa = PBXBuildFile; fileRef = 06BCFF802A833C0700D212A9 /* TaskViewModel.swift */; };
		06BCFF832A83C00000D212A9 /* OnboardingViewModel.swift in Sources */ = {isa = PBXBuildFile; fileRef = 06BCFF822A83C00000D212A9 /* OnboardingViewModel.swift */; };
		06D816552A848A6F00606F03 /* Coordinator.swift in Sources */ = {isa = PBXBuildFile; fileRef = 06D816542A848A6F00606F03 /* Coordinator.swift */; };
		06D816592A848B0400606F03 /* CoordinatorView.swift in Sources */ = {isa = PBXBuildFile; fileRef = 06D816582A848B0400606F03 /* CoordinatorView.swift */; };
		06D8165B2A848EFE00606F03 /* OnboardingView.swift in Sources */ = {isa = PBXBuildFile; fileRef = 06D8165A2A848EFE00606F03 /* OnboardingView.swift */; };
		170FE76F2A70003B00F7BD45 /* Realm in Frameworks */ = {isa = PBXBuildFile; productRef = 170FE76E2A70003B00F7BD45 /* Realm */; };
		170FE7712A70003B00F7BD45 /* RealmSwift in Frameworks */ = {isa = PBXBuildFile; productRef = 170FE7702A70003B00F7BD45 /* RealmSwift */; };
		170FE7732A70020300F7BD45 /* Space.swift in Sources */ = {isa = PBXBuildFile; fileRef = 170FE7722A70020300F7BD45 /* Space.swift */; };
		170FE7782A70051400F7BD45 /* NewPlaceViewModel.swift in Sources */ = {isa = PBXBuildFile; fileRef = 170FE7772A70051400F7BD45 /* NewPlaceViewModel.swift */; };
		170FE77A2A70055100F7BD45 /* NewPlaceView.swift in Sources */ = {isa = PBXBuildFile; fileRef = 170FE7792A70055100F7BD45 /* NewPlaceView.swift */; };
		17213CE92A72B449002F0924 /* CustomTextFieldView.swift in Sources */ = {isa = PBXBuildFile; fileRef = 17213CE82A72B449002F0924 /* CustomTextFieldView.swift */; };
		17213CEB2A72BE1D002F0924 /* CustomFilePickerView.swift in Sources */ = {isa = PBXBuildFile; fileRef = 17213CEA2A72BE1D002F0924 /* CustomFilePickerView.swift */; };
		17213CEF2A72BFDA002F0924 /* CustomButtonStyle.swift in Sources */ = {isa = PBXBuildFile; fileRef = 17213CEE2A72BFDA002F0924 /* CustomButtonStyle.swift */; };
		174447F82A8664F10083142F /* Font+CustomFonts.swift in Sources */ = {isa = PBXBuildFile; fileRef = 174447F72A8664F10083142F /* Font+CustomFonts.swift */; };
		1794525E2A8CF461002FECC5 /* TaskDetailsView.swift in Sources */ = {isa = PBXBuildFile; fileRef = 1794525D2A8CF461002FECC5 /* TaskDetailsView.swift */; };
		179452602A8D1D8A002FECC5 /* Image+CustomImages.swift in Sources */ = {isa = PBXBuildFile; fileRef = 1794525F2A8D1D8A002FECC5 /* Image+CustomImages.swift */; };
		17C1D4282A8A5F0400286FA1 /* GeneralSans-Regular.otf in Resources */ = {isa = PBXBuildFile; fileRef = 17C1D4252A8A5F0400286FA1 /* GeneralSans-Regular.otf */; };
		17C1D4292A8A5F0400286FA1 /* GeneralSans-Medium.otf in Resources */ = {isa = PBXBuildFile; fileRef = 17C1D4262A8A5F0400286FA1 /* GeneralSans-Medium.otf */; };
		17C1D42A2A8A5F0400286FA1 /* GeneralSans-Semibold.otf in Resources */ = {isa = PBXBuildFile; fileRef = 17C1D4272A8A5F0400286FA1 /* GeneralSans-Semibold.otf */; };
		17CE41CC2A77EA0100A622A1 /* PlacesView.swift in Sources */ = {isa = PBXBuildFile; fileRef = 17CE41CB2A77EA0100A622A1 /* PlacesView.swift */; };
		17CE41CE2A77F13800A622A1 /* NewTaskView.swift in Sources */ = {isa = PBXBuildFile; fileRef = 17CE41CD2A77F13800A622A1 /* NewTaskView.swift */; };
		17CE41D02A7806F600A622A1 /* CustomSelectionInputView.swift in Sources */ = {isa = PBXBuildFile; fileRef = 17CE41CF2A7806F600A622A1 /* CustomSelectionInputView.swift */; };
		17CE41D22A780A3600A622A1 /* NewTaskViewModel.swift in Sources */ = {isa = PBXBuildFile; fileRef = 17CE41D12A780A3600A622A1 /* NewTaskViewModel.swift */; };
		17CE41D42A78108500A622A1 /* CustomDescriptionInputView.swift in Sources */ = {isa = PBXBuildFile; fileRef = 17CE41D32A78108500A622A1 /* CustomDescriptionInputView.swift */; };
		17CE41D62A78131600A622A1 /* View+InputOverlay.swift in Sources */ = {isa = PBXBuildFile; fileRef = 17CE41D52A78131600A622A1 /* View+InputOverlay.swift */; };
		17CE41D82A79340D00A622A1 /* View+CustomBackground.swift in Sources */ = {isa = PBXBuildFile; fileRef = 17CE41D72A79340D00A622A1 /* View+CustomBackground.swift */; };
		17DDC0482A8270EA00D02BB8 /* CustomSectionHeaderView.swift in Sources */ = {isa = PBXBuildFile; fileRef = 17DDC0472A8270EA00D02BB8 /* CustomSectionHeaderView.swift */; };
/* End PBXBuildFile section */

/* Begin PBXContainerItemProxy section */
		065B0A152A6EA90C00B1D35F /* PBXContainerItemProxy */ = {
			isa = PBXContainerItemProxy;
			containerPortal = 065B09FC2A6EA90B00B1D35F /* Project object */;
			proxyType = 1;
			remoteGlobalIDString = 065B0A032A6EA90B00B1D35F;
			remoteInfo = Chores;
		};
		065B0A1F2A6EA90C00B1D35F /* PBXContainerItemProxy */ = {
			isa = PBXContainerItemProxy;
			containerPortal = 065B09FC2A6EA90B00B1D35F /* Project object */;
			proxyType = 1;
			remoteGlobalIDString = 065B0A032A6EA90B00B1D35F;
			remoteInfo = Chores;
		};
/* End PBXContainerItemProxy section */

/* Begin PBXFileReference section */
		06241C242A72A1AF00FFCDC4 /* User.swift */ = {isa = PBXFileReference; lastKnownFileType = sourcecode.swift; path = User.swift; sourceTree = "<group>"; };
		0629C3532A8D0EA3007739CB /* TaskRow.swift */ = {isa = PBXFileReference; lastKnownFileType = sourcecode.swift; path = TaskRow.swift; sourceTree = "<group>"; };
		063F8F2C2A77F665002792D5 /* LocalNotificationService.swift */ = {isa = PBXFileReference; lastKnownFileType = sourcecode.swift; path = LocalNotificationService.swift; sourceTree = "<group>"; };
		063F8F2E2A77FD3F002792D5 /* LocalNotificationBody.swift */ = {isa = PBXFileReference; lastKnownFileType = sourcecode.swift; path = LocalNotificationBody.swift; sourceTree = "<group>"; };
		065590B02A814BC100A0B5B4 /* TaskStatusBadge.swift */ = {isa = PBXFileReference; lastKnownFileType = sourcecode.swift; path = TaskStatusBadge.swift; sourceTree = "<group>"; };
		065B0A042A6EA90B00B1D35F /* Chores.app */ = {isa = PBXFileReference; explicitFileType = wrapper.application; includeInIndex = 0; path = Chores.app; sourceTree = BUILT_PRODUCTS_DIR; };
		065B0A072A6EA90B00B1D35F /* ChoresApp.swift */ = {isa = PBXFileReference; lastKnownFileType = sourcecode.swift; path = ChoresApp.swift; sourceTree = "<group>"; };
		065B0A0B2A6EA90C00B1D35F /* Assets.xcassets */ = {isa = PBXFileReference; lastKnownFileType = folder.assetcatalog; path = Assets.xcassets; sourceTree = "<group>"; };
		065B0A0E2A6EA90C00B1D35F /* Preview Assets.xcassets */ = {isa = PBXFileReference; lastKnownFileType = folder.assetcatalog; path = "Preview Assets.xcassets"; sourceTree = "<group>"; };
		065B0A142A6EA90C00B1D35F /* ChoresTests.xctest */ = {isa = PBXFileReference; explicitFileType = wrapper.cfbundle; includeInIndex = 0; path = ChoresTests.xctest; sourceTree = BUILT_PRODUCTS_DIR; };
		065B0A182A6EA90C00B1D35F /* ChoresTests.swift */ = {isa = PBXFileReference; lastKnownFileType = sourcecode.swift; path = ChoresTests.swift; sourceTree = "<group>"; };
		065B0A1E2A6EA90C00B1D35F /* ChoresUITests.xctest */ = {isa = PBXFileReference; explicitFileType = wrapper.cfbundle; includeInIndex = 0; path = ChoresUITests.xctest; sourceTree = BUILT_PRODUCTS_DIR; };
		065B0A222A6EA90C00B1D35F /* ChoresUITests.swift */ = {isa = PBXFileReference; lastKnownFileType = sourcecode.swift; path = ChoresUITests.swift; sourceTree = "<group>"; };
		065B0A242A6EA90C00B1D35F /* ChoresUITestsLaunchTests.swift */ = {isa = PBXFileReference; lastKnownFileType = sourcecode.swift; path = ChoresUITestsLaunchTests.swift; sourceTree = "<group>"; };
		065B0A322A6EBB9300B1D35F /* Task.swift */ = {isa = PBXFileReference; lastKnownFileType = sourcecode.swift; path = Task.swift; sourceTree = "<group>"; };
		066B701F2A7BF75100E9FB1E /* Tasks.swift */ = {isa = PBXFileReference; lastKnownFileType = sourcecode.swift; path = Tasks.swift; sourceTree = "<group>"; };
		066B70212A7BFD7400E9FB1E /* Color+CustomColors.swift */ = {isa = PBXFileReference; lastKnownFileType = sourcecode.swift; path = "Color+CustomColors.swift"; sourceTree = "<group>"; };
		066B70242A7D339300E9FB1E /* TaskItem.swift */ = {isa = PBXFileReference; lastKnownFileType = sourcecode.swift; path = TaskItem.swift; sourceTree = "<group>"; };
		067DFA1D2A6EC89000A0E2F6 /* Decodable+LoadData.swift */ = {isa = PBXFileReference; lastKnownFileType = sourcecode.swift; path = "Decodable+LoadData.swift"; sourceTree = "<group>"; };
		069EC1542A93175A002BBDE6 /* NewResident.swift */ = {isa = PBXFileReference; lastKnownFileType = sourcecode.swift; path = NewResident.swift; sourceTree = "<group>"; };
		069EC1562A93183F002BBDE6 /* NewResidentViewModel.swift */ = {isa = PBXFileReference; lastKnownFileType = sourcecode.swift; path = NewResidentViewModel.swift; sourceTree = "<group>"; };
		069EC1582A934B6E002BBDE6 /* Residents.swift */ = {isa = PBXFileReference; lastKnownFileType = sourcecode.swift; path = Residents.swift; sourceTree = "<group>"; };
		069EC15A2A934B9D002BBDE6 /* ResidentsViewModel.swift */ = {isa = PBXFileReference; lastKnownFileType = sourcecode.swift; path = ResidentsViewModel.swift; sourceTree = "<group>"; };
		069EC15D2A934F35002BBDE6 /* RealmHelper.swift */ = {isa = PBXFileReference; lastKnownFileType = sourcecode.swift; path = RealmHelper.swift; sourceTree = "<group>"; };
		06BCFF802A833C0700D212A9 /* TaskViewModel.swift */ = {isa = PBXFileReference; lastKnownFileType = sourcecode.swift; path = TaskViewModel.swift; sourceTree = "<group>"; };
		06BCFF822A83C00000D212A9 /* OnboardingViewModel.swift */ = {isa = PBXFileReference; lastKnownFileType = sourcecode.swift; path = OnboardingViewModel.swift; sourceTree = "<group>"; };
		06D816542A848A6F00606F03 /* Coordinator.swift */ = {isa = PBXFileReference; lastKnownFileType = sourcecode.swift; path = Coordinator.swift; sourceTree = "<group>"; };
		06D816582A848B0400606F03 /* CoordinatorView.swift */ = {isa = PBXFileReference; lastKnownFileType = sourcecode.swift; path = CoordinatorView.swift; sourceTree = "<group>"; };
		06D8165A2A848EFE00606F03 /* OnboardingView.swift */ = {isa = PBXFileReference; lastKnownFileType = sourcecode.swift; path = OnboardingView.swift; sourceTree = "<group>"; };
		170FE7722A70020300F7BD45 /* Space.swift */ = {isa = PBXFileReference; lastKnownFileType = sourcecode.swift; path = Space.swift; sourceTree = "<group>"; };
		170FE7772A70051400F7BD45 /* NewPlaceViewModel.swift */ = {isa = PBXFileReference; lastKnownFileType = sourcecode.swift; path = NewPlaceViewModel.swift; sourceTree = "<group>"; };
		170FE7792A70055100F7BD45 /* NewPlaceView.swift */ = {isa = PBXFileReference; lastKnownFileType = sourcecode.swift; path = NewPlaceView.swift; sourceTree = "<group>"; };
		17213CE82A72B449002F0924 /* CustomTextFieldView.swift */ = {isa = PBXFileReference; lastKnownFileType = sourcecode.swift; path = CustomTextFieldView.swift; sourceTree = "<group>"; };
		17213CEA2A72BE1D002F0924 /* CustomFilePickerView.swift */ = {isa = PBXFileReference; lastKnownFileType = sourcecode.swift; path = CustomFilePickerView.swift; sourceTree = "<group>"; };
		17213CEE2A72BFDA002F0924 /* CustomButtonStyle.swift */ = {isa = PBXFileReference; lastKnownFileType = sourcecode.swift; path = CustomButtonStyle.swift; sourceTree = "<group>"; };
		174447F62A86646B0083142F /* Info.plist */ = {isa = PBXFileReference; lastKnownFileType = text.plist.xml; path = Info.plist; sourceTree = "<group>"; };
		174447F72A8664F10083142F /* Font+CustomFonts.swift */ = {isa = PBXFileReference; lastKnownFileType = sourcecode.swift; path = "Font+CustomFonts.swift"; sourceTree = "<group>"; };
		1794525D2A8CF461002FECC5 /* TaskDetailsView.swift */ = {isa = PBXFileReference; lastKnownFileType = sourcecode.swift; path = TaskDetailsView.swift; sourceTree = "<group>"; };
		1794525F2A8D1D8A002FECC5 /* Image+CustomImages.swift */ = {isa = PBXFileReference; lastKnownFileType = sourcecode.swift; path = "Image+CustomImages.swift"; sourceTree = "<group>"; };
		17C1D4252A8A5F0400286FA1 /* GeneralSans-Regular.otf */ = {isa = PBXFileReference; lastKnownFileType = file; path = "GeneralSans-Regular.otf"; sourceTree = "<group>"; };
		17C1D4262A8A5F0400286FA1 /* GeneralSans-Medium.otf */ = {isa = PBXFileReference; lastKnownFileType = file; path = "GeneralSans-Medium.otf"; sourceTree = "<group>"; };
		17C1D4272A8A5F0400286FA1 /* GeneralSans-Semibold.otf */ = {isa = PBXFileReference; lastKnownFileType = file; path = "GeneralSans-Semibold.otf"; sourceTree = "<group>"; };
		17CE41CB2A77EA0100A622A1 /* PlacesView.swift */ = {isa = PBXFileReference; lastKnownFileType = sourcecode.swift; path = PlacesView.swift; sourceTree = "<group>"; };
		17CE41CD2A77F13800A622A1 /* NewTaskView.swift */ = {isa = PBXFileReference; lastKnownFileType = sourcecode.swift; path = NewTaskView.swift; sourceTree = "<group>"; };
		17CE41CF2A7806F600A622A1 /* CustomSelectionInputView.swift */ = {isa = PBXFileReference; lastKnownFileType = sourcecode.swift; path = CustomSelectionInputView.swift; sourceTree = "<group>"; };
		17CE41D12A780A3600A622A1 /* NewTaskViewModel.swift */ = {isa = PBXFileReference; lastKnownFileType = sourcecode.swift; path = NewTaskViewModel.swift; sourceTree = "<group>"; };
		17CE41D32A78108500A622A1 /* CustomDescriptionInputView.swift */ = {isa = PBXFileReference; lastKnownFileType = sourcecode.swift; path = CustomDescriptionInputView.swift; sourceTree = "<group>"; };
		17CE41D52A78131600A622A1 /* View+InputOverlay.swift */ = {isa = PBXFileReference; lastKnownFileType = sourcecode.swift; path = "View+InputOverlay.swift"; sourceTree = "<group>"; };
		17CE41D72A79340D00A622A1 /* View+CustomBackground.swift */ = {isa = PBXFileReference; lastKnownFileType = sourcecode.swift; path = "View+CustomBackground.swift"; sourceTree = "<group>"; };
		17DDC0472A8270EA00D02BB8 /* CustomSectionHeaderView.swift */ = {isa = PBXFileReference; lastKnownFileType = sourcecode.swift; path = CustomSectionHeaderView.swift; sourceTree = "<group>"; };
/* End PBXFileReference section */

/* Begin PBXFrameworksBuildPhase section */
		065B0A012A6EA90B00B1D35F /* Frameworks */ = {
			isa = PBXFrameworksBuildPhase;
			buildActionMask = 2147483647;
			files = (
				170FE7712A70003B00F7BD45 /* RealmSwift in Frameworks */,
				170FE76F2A70003B00F7BD45 /* Realm in Frameworks */,
			);
			runOnlyForDeploymentPostprocessing = 0;
		};
		065B0A112A6EA90C00B1D35F /* Frameworks */ = {
			isa = PBXFrameworksBuildPhase;
			buildActionMask = 2147483647;
			files = (
			);
			runOnlyForDeploymentPostprocessing = 0;
		};
		065B0A1B2A6EA90C00B1D35F /* Frameworks */ = {
			isa = PBXFrameworksBuildPhase;
			buildActionMask = 2147483647;
			files = (
			);
			runOnlyForDeploymentPostprocessing = 0;
		};
/* End PBXFrameworksBuildPhase section */

/* Begin PBXGroup section */
		063F8F2B2A77F643002792D5 /* Service */ = {
			isa = PBXGroup;
			children = (
				063F8F2C2A77F665002792D5 /* LocalNotificationService.swift */,
			);
			path = Service;
			sourceTree = "<group>";
		};
		065B09FB2A6EA90B00B1D35F = {
			isa = PBXGroup;
			children = (
				065B0A062A6EA90B00B1D35F /* Chores */,
				065B0A172A6EA90C00B1D35F /* ChoresTests */,
				065B0A212A6EA90C00B1D35F /* ChoresUITests */,
				065B0A052A6EA90B00B1D35F /* Products */,
			);
			sourceTree = "<group>";
		};
		065B0A052A6EA90B00B1D35F /* Products */ = {
			isa = PBXGroup;
			children = (
				065B0A042A6EA90B00B1D35F /* Chores.app */,
				065B0A142A6EA90C00B1D35F /* ChoresTests.xctest */,
				065B0A1E2A6EA90C00B1D35F /* ChoresUITests.xctest */,
			);
			name = Products;
			sourceTree = "<group>";
		};
		065B0A062A6EA90B00B1D35F /* Chores */ = {
			isa = PBXGroup;
			children = (
				069EC15C2A934F28002BBDE6 /* Utils */,
				065B0A072A6EA90B00B1D35F /* ChoresApp.swift */,
				174447F62A86646B0083142F /* Info.plist */,
				065B0A312A6EB98300B1D35F /* Model */,
				170FE7752A70049D00F7BD45 /* View */,
				170FE7762A70050800F7BD45 /* ViewModel */,
				06D816532A848A6400606F03 /* Manager */,
				17213CED2A72BFC5002F0924 /* Style */,
				067DFA1C2A6EC88100A0E2F6 /* Extension */,
				063F8F2B2A77F643002792D5 /* Service */,
				174447F32A8664030083142F /* Resource */,
				065B0A0D2A6EA90C00B1D35F /* Preview Content */,
			);
			path = Chores;
			sourceTree = "<group>";
		};
		065B0A0D2A6EA90C00B1D35F /* Preview Content */ = {
			isa = PBXGroup;
			children = (
				065B0A0E2A6EA90C00B1D35F /* Preview Assets.xcassets */,
			);
			path = "Preview Content";
			sourceTree = "<group>";
		};
		065B0A172A6EA90C00B1D35F /* ChoresTests */ = {
			isa = PBXGroup;
			children = (
				065B0A182A6EA90C00B1D35F /* ChoresTests.swift */,
			);
			path = ChoresTests;
			sourceTree = "<group>";
		};
		065B0A212A6EA90C00B1D35F /* ChoresUITests */ = {
			isa = PBXGroup;
			children = (
				065B0A222A6EA90C00B1D35F /* ChoresUITests.swift */,
				065B0A242A6EA90C00B1D35F /* ChoresUITestsLaunchTests.swift */,
			);
			path = ChoresUITests;
			sourceTree = "<group>";
		};
		065B0A312A6EB98300B1D35F /* Model */ = {
			isa = PBXGroup;
			children = (
				065B0A322A6EBB9300B1D35F /* Task.swift */,
				170FE7722A70020300F7BD45 /* Space.swift */,
				06241C242A72A1AF00FFCDC4 /* User.swift */,
				063F8F2E2A77FD3F002792D5 /* LocalNotificationBody.swift */,
			);
			path = Model;
			sourceTree = "<group>";
		};
		066B70232A7D329600E9FB1E /* Tasks */ = {
			isa = PBXGroup;
			children = (
				066B701F2A7BF75100E9FB1E /* Tasks.swift */,
				17CE41CD2A77F13800A622A1 /* NewTaskView.swift */,
				066B70242A7D339300E9FB1E /* TaskItem.swift */,
				1794525D2A8CF461002FECC5 /* TaskDetailsView.swift */,
				0629C3532A8D0EA3007739CB /* TaskRow.swift */,
			);
			path = Tasks;
			sourceTree = "<group>";
		};
		067DFA1C2A6EC88100A0E2F6 /* Extension */ = {
			isa = PBXGroup;
			children = (
				067DFA1D2A6EC89000A0E2F6 /* Decodable+LoadData.swift */,
				17CE41D52A78131600A622A1 /* View+InputOverlay.swift */,
				17CE41D72A79340D00A622A1 /* View+CustomBackground.swift */,
				174447F72A8664F10083142F /* Font+CustomFonts.swift */,
				066B70212A7BFD7400E9FB1E /* Color+CustomColors.swift */,
				1794525F2A8D1D8A002FECC5 /* Image+CustomImages.swift */,
			);
			path = Extension;
			sourceTree = "<group>";
		};
		069EC1532A93170F002BBDE6 /*  Residents */ = {
			isa = PBXGroup;
			children = (
				069EC1562A93183F002BBDE6 /* NewResidentViewModel.swift */,
				069EC1542A93175A002BBDE6 /* NewResident.swift */,
				069EC1582A934B6E002BBDE6 /* Residents.swift */,
				069EC15A2A934B9D002BBDE6 /* ResidentsViewModel.swift */,
			);
			path = " Residents";
			sourceTree = "<group>";
		};
		069EC15C2A934F28002BBDE6 /* Utils */ = {
			isa = PBXGroup;
			children = (
				069EC15D2A934F35002BBDE6 /* RealmHelper.swift */,
			);
			path = Utils;
			sourceTree = "<group>";
		};
		06D816532A848A6400606F03 /* Manager */ = {
			isa = PBXGroup;
			children = (
				06D816542A848A6F00606F03 /* Coordinator.swift */,
			);
			path = Manager;
			sourceTree = "<group>";
		};
		170FE7752A70049D00F7BD45 /* View */ = {
			isa = PBXGroup;
			children = (
				069EC1532A93170F002BBDE6 /*  Residents */,
				066B70232A7D329600E9FB1E /* Tasks */,
				17A834862A7A863600625FD2 /* Component */,
				06D8165A2A848EFE00606F03 /* OnboardingView.swift */,
				17CE41CB2A77EA0100A622A1 /* PlacesView.swift */,
				170FE7792A70055100F7BD45 /* NewPlaceView.swift */,
				06D816582A848B0400606F03 /* CoordinatorView.swift */,
			);
			path = View;
			sourceTree = "<group>";
		};
		170FE7762A70050800F7BD45 /* ViewModel */ = {
			isa = PBXGroup;
			children = (
				06BCFF822A83C00000D212A9 /* OnboardingViewModel.swift */,
				17CE41D12A780A3600A622A1 /* NewTaskViewModel.swift */,
				170FE7772A70051400F7BD45 /* NewPlaceViewModel.swift */,
				06BCFF802A833C0700D212A9 /* TaskViewModel.swift */,
			);
			path = ViewModel;
			sourceTree = "<group>";
		};
		17213CED2A72BFC5002F0924 /* Style */ = {
			isa = PBXGroup;
			children = (
				17213CEE2A72BFDA002F0924 /* CustomButtonStyle.swift */,
			);
			path = Style;
			sourceTree = "<group>";
		};
		174447F32A8664030083142F /* Resource */ = {
			isa = PBXGroup;
			children = (
				065B0A0B2A6EA90C00B1D35F /* Assets.xcassets */,
				17C1D4252A8A5F0400286FA1 /* GeneralSans-Regular.otf */,
				17C1D4262A8A5F0400286FA1 /* GeneralSans-Medium.otf */,
				17C1D4272A8A5F0400286FA1 /* GeneralSans-Semibold.otf */,
			);
			path = Resource;
			sourceTree = "<group>";
		};
		17A834862A7A863600625FD2 /* Component */ = {
			isa = PBXGroup;
			children = (
				17213CE82A72B449002F0924 /* CustomTextFieldView.swift */,
				17213CEA2A72BE1D002F0924 /* CustomFilePickerView.swift */,
				17CE41CF2A7806F600A622A1 /* CustomSelectionInputView.swift */,
				17CE41D32A78108500A622A1 /* CustomDescriptionInputView.swift */,
				17DDC0472A8270EA00D02BB8 /* CustomSectionHeaderView.swift */,
				065590B02A814BC100A0B5B4 /* TaskStatusBadge.swift */,
			);
			path = Component;
			sourceTree = "<group>";
		};
/* End PBXGroup section */

/* Begin PBXNativeTarget section */
		065B0A032A6EA90B00B1D35F /* Chores */ = {
			isa = PBXNativeTarget;
			buildConfigurationList = 065B0A282A6EA90C00B1D35F /* Build configuration list for PBXNativeTarget "Chores" */;
			buildPhases = (
				065B0A002A6EA90B00B1D35F /* Sources */,
				065B0A012A6EA90B00B1D35F /* Frameworks */,
				065B0A022A6EA90B00B1D35F /* Resources */,
			);
			buildRules = (
			);
			dependencies = (
			);
			name = Chores;
			packageProductDependencies = (
				170FE76E2A70003B00F7BD45 /* Realm */,
				170FE7702A70003B00F7BD45 /* RealmSwift */,
			);
			productName = Chores;
			productReference = 065B0A042A6EA90B00B1D35F /* Chores.app */;
			productType = "com.apple.product-type.application";
		};
		065B0A132A6EA90C00B1D35F /* ChoresTests */ = {
			isa = PBXNativeTarget;
			buildConfigurationList = 065B0A2B2A6EA90C00B1D35F /* Build configuration list for PBXNativeTarget "ChoresTests" */;
			buildPhases = (
				065B0A102A6EA90C00B1D35F /* Sources */,
				065B0A112A6EA90C00B1D35F /* Frameworks */,
				065B0A122A6EA90C00B1D35F /* Resources */,
			);
			buildRules = (
			);
			dependencies = (
				065B0A162A6EA90C00B1D35F /* PBXTargetDependency */,
			);
			name = ChoresTests;
			productName = ChoresTests;
			productReference = 065B0A142A6EA90C00B1D35F /* ChoresTests.xctest */;
			productType = "com.apple.product-type.bundle.unit-test";
		};
		065B0A1D2A6EA90C00B1D35F /* ChoresUITests */ = {
			isa = PBXNativeTarget;
			buildConfigurationList = 065B0A2E2A6EA90C00B1D35F /* Build configuration list for PBXNativeTarget "ChoresUITests" */;
			buildPhases = (
				065B0A1A2A6EA90C00B1D35F /* Sources */,
				065B0A1B2A6EA90C00B1D35F /* Frameworks */,
				065B0A1C2A6EA90C00B1D35F /* Resources */,
			);
			buildRules = (
			);
			dependencies = (
				065B0A202A6EA90C00B1D35F /* PBXTargetDependency */,
			);
			name = ChoresUITests;
			productName = ChoresUITests;
			productReference = 065B0A1E2A6EA90C00B1D35F /* ChoresUITests.xctest */;
			productType = "com.apple.product-type.bundle.ui-testing";
		};
/* End PBXNativeTarget section */

/* Begin PBXProject section */
		065B09FC2A6EA90B00B1D35F /* Project object */ = {
			isa = PBXProject;
			attributes = {
				BuildIndependentTargetsInParallel = 1;
				LastSwiftUpdateCheck = 1430;
				LastUpgradeCheck = 1430;
				TargetAttributes = {
					065B0A032A6EA90B00B1D35F = {
						CreatedOnToolsVersion = 14.3;
					};
					065B0A132A6EA90C00B1D35F = {
						CreatedOnToolsVersion = 14.3;
						TestTargetID = 065B0A032A6EA90B00B1D35F;
					};
					065B0A1D2A6EA90C00B1D35F = {
						CreatedOnToolsVersion = 14.3;
						TestTargetID = 065B0A032A6EA90B00B1D35F;
					};
				};
			};
			buildConfigurationList = 065B09FF2A6EA90B00B1D35F /* Build configuration list for PBXProject "Chores" */;
			compatibilityVersion = "Xcode 14.0";
			developmentRegion = en;
			hasScannedForEncodings = 0;
			knownRegions = (
				en,
				Base,
			);
			mainGroup = 065B09FB2A6EA90B00B1D35F;
			packageReferences = (
				170FE76D2A70003B00F7BD45 /* XCRemoteSwiftPackageReference "realm-swift" */,
			);
			productRefGroup = 065B0A052A6EA90B00B1D35F /* Products */;
			projectDirPath = "";
			projectRoot = "";
			targets = (
				065B0A032A6EA90B00B1D35F /* Chores */,
				065B0A132A6EA90C00B1D35F /* ChoresTests */,
				065B0A1D2A6EA90C00B1D35F /* ChoresUITests */,
			);
		};
/* End PBXProject section */

/* Begin PBXResourcesBuildPhase section */
		065B0A022A6EA90B00B1D35F /* Resources */ = {
			isa = PBXResourcesBuildPhase;
			buildActionMask = 2147483647;
			files = (
				065B0A0F2A6EA90C00B1D35F /* Preview Assets.xcassets in Resources */,
				17C1D42A2A8A5F0400286FA1 /* GeneralSans-Semibold.otf in Resources */,
				17C1D4282A8A5F0400286FA1 /* GeneralSans-Regular.otf in Resources */,
				17C1D4292A8A5F0400286FA1 /* GeneralSans-Medium.otf in Resources */,
				065B0A0C2A6EA90C00B1D35F /* Assets.xcassets in Resources */,
			);
			runOnlyForDeploymentPostprocessing = 0;
		};
		065B0A122A6EA90C00B1D35F /* Resources */ = {
			isa = PBXResourcesBuildPhase;
			buildActionMask = 2147483647;
			files = (
			);
			runOnlyForDeploymentPostprocessing = 0;
		};
		065B0A1C2A6EA90C00B1D35F /* Resources */ = {
			isa = PBXResourcesBuildPhase;
			buildActionMask = 2147483647;
			files = (
			);
			runOnlyForDeploymentPostprocessing = 0;
		};
/* End PBXResourcesBuildPhase section */

/* Begin PBXSourcesBuildPhase section */
		065B0A002A6EA90B00B1D35F /* Sources */ = {
			isa = PBXSourcesBuildPhase;
			buildActionMask = 2147483647;
			files = (
				069EC15B2A934B9D002BBDE6 /* ResidentsViewModel.swift in Sources */,
				17213CEB2A72BE1D002F0924 /* CustomFilePickerView.swift in Sources */,
				065590B12A814BC100A0B5B4 /* TaskStatusBadge.swift in Sources */,
				067DFA1E2A6EC89000A0E2F6 /* Decodable+LoadData.swift in Sources */,
				17DDC0482A8270EA00D02BB8 /* CustomSectionHeaderView.swift in Sources */,
				1794525E2A8CF461002FECC5 /* TaskDetailsView.swift in Sources */,
				179452602A8D1D8A002FECC5 /* Image+CustomImages.swift in Sources */,
				17213CEF2A72BFDA002F0924 /* CustomButtonStyle.swift in Sources */,
				17CE41D02A7806F600A622A1 /* CustomSelectionInputView.swift in Sources */,
				066B70202A7BF75100E9FB1E /* Tasks.swift in Sources */,
				170FE7782A70051400F7BD45 /* NewPlaceViewModel.swift in Sources */,
				17CE41D22A780A3600A622A1 /* NewTaskViewModel.swift in Sources */,
				170FE7782A70051400F7BD45 /* NewPlaceViewModel.swift in Sources */,
				063F8F2D2A77F665002792D5 /* LocalNotificationService.swift in Sources */,
				066B70222A7BFD7400E9FB1E /* Color+CustomColors.swift in Sources */,
				17213CE92A72B449002F0924 /* CustomTextFieldView.swift in Sources */,
				17CE41CC2A77EA0100A622A1 /* PlacesView.swift in Sources */,
				17CE41CE2A77F13800A622A1 /* NewTaskView.swift in Sources */,
				066B70252A7D339300E9FB1E /* TaskItem.swift in Sources */,
				06D816592A848B0400606F03 /* CoordinatorView.swift in Sources */,
				069EC1552A93175A002BBDE6 /* NewResident.swift in Sources */,
				170FE7732A70020300F7BD45 /* Space.swift in Sources */,
				06BCFF812A833C0700D212A9 /* TaskViewModel.swift in Sources */,
				0629C3542A8D0EA3007739CB /* TaskRow.swift in Sources */,
				06241C252A72A1AF00FFCDC4 /* User.swift in Sources */,
				069EC15E2A934F35002BBDE6 /* RealmHelper.swift in Sources */,
				069EC1592A934B6E002BBDE6 /* Residents.swift in Sources */,
				17CE41D62A78131600A622A1 /* View+InputOverlay.swift in Sources */,
				170FE77A2A70055100F7BD45 /* NewPlaceView.swift in Sources */,
				06D8165B2A848EFE00606F03 /* OnboardingView.swift in Sources */,
				06D816552A848A6F00606F03 /* Coordinator.swift in Sources */,
				065B0A332A6EBB9300B1D35F /* Task.swift in Sources */,
				06BCFF832A83C00000D212A9 /* OnboardingViewModel.swift in Sources */,
				063F8F2F2A77FD3F002792D5 /* LocalNotificationBody.swift in Sources */,
				174447F82A8664F10083142F /* Font+CustomFonts.swift in Sources */,
				065B0A082A6EA90B00B1D35F /* ChoresApp.swift in Sources */,
				069EC1572A93183F002BBDE6 /* NewResidentViewModel.swift in Sources */,
				17CE41D42A78108500A622A1 /* CustomDescriptionInputView.swift in Sources */,
				17CE41D82A79340D00A622A1 /* View+CustomBackground.swift in Sources */,
			);
			runOnlyForDeploymentPostprocessing = 0;
		};
		065B0A102A6EA90C00B1D35F /* Sources */ = {
			isa = PBXSourcesBuildPhase;
			buildActionMask = 2147483647;
			files = (
				065B0A192A6EA90C00B1D35F /* ChoresTests.swift in Sources */,
			);
			runOnlyForDeploymentPostprocessing = 0;
		};
		065B0A1A2A6EA90C00B1D35F /* Sources */ = {
			isa = PBXSourcesBuildPhase;
			buildActionMask = 2147483647;
			files = (
				065B0A252A6EA90C00B1D35F /* ChoresUITestsLaunchTests.swift in Sources */,
				065B0A232A6EA90C00B1D35F /* ChoresUITests.swift in Sources */,
			);
			runOnlyForDeploymentPostprocessing = 0;
		};
/* End PBXSourcesBuildPhase section */

/* Begin PBXTargetDependency section */
		065B0A162A6EA90C00B1D35F /* PBXTargetDependency */ = {
			isa = PBXTargetDependency;
			target = 065B0A032A6EA90B00B1D35F /* Chores */;
			targetProxy = 065B0A152A6EA90C00B1D35F /* PBXContainerItemProxy */;
		};
		065B0A202A6EA90C00B1D35F /* PBXTargetDependency */ = {
			isa = PBXTargetDependency;
			target = 065B0A032A6EA90B00B1D35F /* Chores */;
			targetProxy = 065B0A1F2A6EA90C00B1D35F /* PBXContainerItemProxy */;
		};
/* End PBXTargetDependency section */

/* Begin XCBuildConfiguration section */
		065B0A262A6EA90C00B1D35F /* Debug */ = {
			isa = XCBuildConfiguration;
			buildSettings = {
				ALWAYS_SEARCH_USER_PATHS = NO;
				CLANG_ANALYZER_NONNULL = YES;
				CLANG_ANALYZER_NUMBER_OBJECT_CONVERSION = YES_AGGRESSIVE;
				CLANG_CXX_LANGUAGE_STANDARD = "gnu++20";
				CLANG_ENABLE_MODULES = YES;
				CLANG_ENABLE_OBJC_ARC = YES;
				CLANG_ENABLE_OBJC_WEAK = YES;
				CLANG_WARN_BLOCK_CAPTURE_AUTORELEASING = YES;
				CLANG_WARN_BOOL_CONVERSION = YES;
				CLANG_WARN_COMMA = YES;
				CLANG_WARN_CONSTANT_CONVERSION = YES;
				CLANG_WARN_DEPRECATED_OBJC_IMPLEMENTATIONS = YES;
				CLANG_WARN_DIRECT_OBJC_ISA_USAGE = YES_ERROR;
				CLANG_WARN_DOCUMENTATION_COMMENTS = YES;
				CLANG_WARN_EMPTY_BODY = YES;
				CLANG_WARN_ENUM_CONVERSION = YES;
				CLANG_WARN_INFINITE_RECURSION = YES;
				CLANG_WARN_INT_CONVERSION = YES;
				CLANG_WARN_NON_LITERAL_NULL_CONVERSION = YES;
				CLANG_WARN_OBJC_IMPLICIT_RETAIN_SELF = YES;
				CLANG_WARN_OBJC_LITERAL_CONVERSION = YES;
				CLANG_WARN_OBJC_ROOT_CLASS = YES_ERROR;
				CLANG_WARN_QUOTED_INCLUDE_IN_FRAMEWORK_HEADER = YES;
				CLANG_WARN_RANGE_LOOP_ANALYSIS = YES;
				CLANG_WARN_STRICT_PROTOTYPES = YES;
				CLANG_WARN_SUSPICIOUS_MOVE = YES;
				CLANG_WARN_UNGUARDED_AVAILABILITY = YES_AGGRESSIVE;
				CLANG_WARN_UNREACHABLE_CODE = YES;
				CLANG_WARN__DUPLICATE_METHOD_MATCH = YES;
				COPY_PHASE_STRIP = NO;
				DEBUG_INFORMATION_FORMAT = dwarf;
				ENABLE_STRICT_OBJC_MSGSEND = YES;
				ENABLE_TESTABILITY = YES;
				GCC_C_LANGUAGE_STANDARD = gnu11;
				GCC_DYNAMIC_NO_PIC = NO;
				GCC_NO_COMMON_BLOCKS = YES;
				GCC_OPTIMIZATION_LEVEL = 0;
				GCC_PREPROCESSOR_DEFINITIONS = (
					"DEBUG=1",
					"$(inherited)",
				);
				GCC_WARN_64_TO_32_BIT_CONVERSION = YES;
				GCC_WARN_ABOUT_RETURN_TYPE = YES_ERROR;
				GCC_WARN_UNDECLARED_SELECTOR = YES;
				GCC_WARN_UNINITIALIZED_AUTOS = YES_AGGRESSIVE;
				GCC_WARN_UNUSED_FUNCTION = YES;
				GCC_WARN_UNUSED_VARIABLE = YES;
				IPHONEOS_DEPLOYMENT_TARGET = 16.4;
				MTL_ENABLE_DEBUG_INFO = INCLUDE_SOURCE;
				MTL_FAST_MATH = YES;
				ONLY_ACTIVE_ARCH = YES;
				SDKROOT = iphoneos;
				SWIFT_ACTIVE_COMPILATION_CONDITIONS = DEBUG;
				SWIFT_OPTIMIZATION_LEVEL = "-Onone";
			};
			name = Debug;
		};
		065B0A272A6EA90C00B1D35F /* Release */ = {
			isa = XCBuildConfiguration;
			buildSettings = {
				ALWAYS_SEARCH_USER_PATHS = NO;
				CLANG_ANALYZER_NONNULL = YES;
				CLANG_ANALYZER_NUMBER_OBJECT_CONVERSION = YES_AGGRESSIVE;
				CLANG_CXX_LANGUAGE_STANDARD = "gnu++20";
				CLANG_ENABLE_MODULES = YES;
				CLANG_ENABLE_OBJC_ARC = YES;
				CLANG_ENABLE_OBJC_WEAK = YES;
				CLANG_WARN_BLOCK_CAPTURE_AUTORELEASING = YES;
				CLANG_WARN_BOOL_CONVERSION = YES;
				CLANG_WARN_COMMA = YES;
				CLANG_WARN_CONSTANT_CONVERSION = YES;
				CLANG_WARN_DEPRECATED_OBJC_IMPLEMENTATIONS = YES;
				CLANG_WARN_DIRECT_OBJC_ISA_USAGE = YES_ERROR;
				CLANG_WARN_DOCUMENTATION_COMMENTS = YES;
				CLANG_WARN_EMPTY_BODY = YES;
				CLANG_WARN_ENUM_CONVERSION = YES;
				CLANG_WARN_INFINITE_RECURSION = YES;
				CLANG_WARN_INT_CONVERSION = YES;
				CLANG_WARN_NON_LITERAL_NULL_CONVERSION = YES;
				CLANG_WARN_OBJC_IMPLICIT_RETAIN_SELF = YES;
				CLANG_WARN_OBJC_LITERAL_CONVERSION = YES;
				CLANG_WARN_OBJC_ROOT_CLASS = YES_ERROR;
				CLANG_WARN_QUOTED_INCLUDE_IN_FRAMEWORK_HEADER = YES;
				CLANG_WARN_RANGE_LOOP_ANALYSIS = YES;
				CLANG_WARN_STRICT_PROTOTYPES = YES;
				CLANG_WARN_SUSPICIOUS_MOVE = YES;
				CLANG_WARN_UNGUARDED_AVAILABILITY = YES_AGGRESSIVE;
				CLANG_WARN_UNREACHABLE_CODE = YES;
				CLANG_WARN__DUPLICATE_METHOD_MATCH = YES;
				COPY_PHASE_STRIP = NO;
				DEBUG_INFORMATION_FORMAT = "dwarf-with-dsym";
				ENABLE_NS_ASSERTIONS = NO;
				ENABLE_STRICT_OBJC_MSGSEND = YES;
				GCC_C_LANGUAGE_STANDARD = gnu11;
				GCC_NO_COMMON_BLOCKS = YES;
				GCC_WARN_64_TO_32_BIT_CONVERSION = YES;
				GCC_WARN_ABOUT_RETURN_TYPE = YES_ERROR;
				GCC_WARN_UNDECLARED_SELECTOR = YES;
				GCC_WARN_UNINITIALIZED_AUTOS = YES_AGGRESSIVE;
				GCC_WARN_UNUSED_FUNCTION = YES;
				GCC_WARN_UNUSED_VARIABLE = YES;
				IPHONEOS_DEPLOYMENT_TARGET = 16.4;
				MTL_ENABLE_DEBUG_INFO = NO;
				MTL_FAST_MATH = YES;
				SDKROOT = iphoneos;
				SWIFT_COMPILATION_MODE = wholemodule;
				SWIFT_OPTIMIZATION_LEVEL = "-O";
				VALIDATE_PRODUCT = YES;
			};
			name = Release;
		};
		065B0A292A6EA90C00B1D35F /* Debug */ = {
			isa = XCBuildConfiguration;
			buildSettings = {
				ASSETCATALOG_COMPILER_APPICON_NAME = AppIcon;
				ASSETCATALOG_COMPILER_GLOBAL_ACCENT_COLOR_NAME = AccentColor;
				CODE_SIGN_IDENTITY = "Apple Development";
				CODE_SIGN_STYLE = Automatic;
				CURRENT_PROJECT_VERSION = 1;
				DEVELOPMENT_ASSET_PATHS = "\"Chores/Preview Content\"";
				DEVELOPMENT_TEAM = ZPDCX326AZ;
				ENABLE_PREVIEWS = YES;
				GENERATE_INFOPLIST_FILE = YES;
				INFOPLIST_FILE = Chores/Info.plist;
				INFOPLIST_KEY_UIApplicationSceneManifest_Generation = YES;
				INFOPLIST_KEY_UIApplicationSupportsIndirectInputEvents = YES;
				INFOPLIST_KEY_UILaunchScreen_Generation = YES;
				INFOPLIST_KEY_UISupportedInterfaceOrientations_iPad = "UIInterfaceOrientationPortrait UIInterfaceOrientationPortraitUpsideDown UIInterfaceOrientationLandscapeLeft UIInterfaceOrientationLandscapeRight";
				INFOPLIST_KEY_UISupportedInterfaceOrientations_iPhone = "UIInterfaceOrientationPortrait UIInterfaceOrientationLandscapeLeft UIInterfaceOrientationLandscapeRight";
				LD_RUNPATH_SEARCH_PATHS = (
					"$(inherited)",
					"@executable_path/Frameworks",
				);
				MARKETING_VERSION = 1.0;
				PRODUCT_BUNDLE_IDENTIFIER = com.app.asd.Chores;
				PRODUCT_NAME = "$(TARGET_NAME)";
				PROVISIONING_PROFILE_SPECIFIER = "";
				SWIFT_EMIT_LOC_STRINGS = YES;
				SWIFT_VERSION = 5.0;
				TARGETED_DEVICE_FAMILY = "1,2";
			};
			name = Debug;
		};
		065B0A2A2A6EA90C00B1D35F /* Release */ = {
			isa = XCBuildConfiguration;
			buildSettings = {
				ASSETCATALOG_COMPILER_APPICON_NAME = AppIcon;
				ASSETCATALOG_COMPILER_GLOBAL_ACCENT_COLOR_NAME = AccentColor;
				CODE_SIGN_IDENTITY = "Apple Development";
				CODE_SIGN_STYLE = Automatic;
				CURRENT_PROJECT_VERSION = 1;
				DEVELOPMENT_ASSET_PATHS = "\"Chores/Preview Content\"";
				DEVELOPMENT_TEAM = ZPDCX326AZ;
				ENABLE_PREVIEWS = YES;
				GENERATE_INFOPLIST_FILE = YES;
				INFOPLIST_FILE = Chores/Info.plist;
				INFOPLIST_KEY_UIApplicationSceneManifest_Generation = YES;
				INFOPLIST_KEY_UIApplicationSupportsIndirectInputEvents = YES;
				INFOPLIST_KEY_UILaunchScreen_Generation = YES;
				INFOPLIST_KEY_UISupportedInterfaceOrientations_iPad = "UIInterfaceOrientationPortrait UIInterfaceOrientationPortraitUpsideDown UIInterfaceOrientationLandscapeLeft UIInterfaceOrientationLandscapeRight";
				INFOPLIST_KEY_UISupportedInterfaceOrientations_iPhone = "UIInterfaceOrientationPortrait UIInterfaceOrientationLandscapeLeft UIInterfaceOrientationLandscapeRight";
				LD_RUNPATH_SEARCH_PATHS = (
					"$(inherited)",
					"@executable_path/Frameworks",
				);
				MARKETING_VERSION = 1.0;
				PRODUCT_BUNDLE_IDENTIFIER = com.app.asd.Chores;
				PRODUCT_NAME = "$(TARGET_NAME)";
				PROVISIONING_PROFILE_SPECIFIER = "";
				SWIFT_EMIT_LOC_STRINGS = YES;
				SWIFT_VERSION = 5.0;
				TARGETED_DEVICE_FAMILY = "1,2";
			};
			name = Release;
		};
		065B0A2C2A6EA90C00B1D35F /* Debug */ = {
			isa = XCBuildConfiguration;
			buildSettings = {
				ALWAYS_EMBED_SWIFT_STANDARD_LIBRARIES = YES;
				BUNDLE_LOADER = "$(TEST_HOST)";
				CODE_SIGN_STYLE = Automatic;
				CURRENT_PROJECT_VERSION = 1;
				DEVELOPMENT_TEAM = RQJKDFTU3K;
				GENERATE_INFOPLIST_FILE = YES;
				IPHONEOS_DEPLOYMENT_TARGET = 16.4;
				MARKETING_VERSION = 1.0;
				PRODUCT_BUNDLE_IDENTIFIER = com.app.asd.ChoresTests;
				PRODUCT_NAME = "$(TARGET_NAME)";
				SWIFT_EMIT_LOC_STRINGS = NO;
				SWIFT_VERSION = 5.0;
				TARGETED_DEVICE_FAMILY = "1,2";
				TEST_HOST = "$(BUILT_PRODUCTS_DIR)/Chores.app/$(BUNDLE_EXECUTABLE_FOLDER_PATH)/Chores";
			};
			name = Debug;
		};
		065B0A2D2A6EA90C00B1D35F /* Release */ = {
			isa = XCBuildConfiguration;
			buildSettings = {
				ALWAYS_EMBED_SWIFT_STANDARD_LIBRARIES = YES;
				BUNDLE_LOADER = "$(TEST_HOST)";
				CODE_SIGN_STYLE = Automatic;
				CURRENT_PROJECT_VERSION = 1;
				DEVELOPMENT_TEAM = RQJKDFTU3K;
				GENERATE_INFOPLIST_FILE = YES;
				IPHONEOS_DEPLOYMENT_TARGET = 16.4;
				MARKETING_VERSION = 1.0;
				PRODUCT_BUNDLE_IDENTIFIER = com.app.asd.ChoresTests;
				PRODUCT_NAME = "$(TARGET_NAME)";
				SWIFT_EMIT_LOC_STRINGS = NO;
				SWIFT_VERSION = 5.0;
				TARGETED_DEVICE_FAMILY = "1,2";
				TEST_HOST = "$(BUILT_PRODUCTS_DIR)/Chores.app/$(BUNDLE_EXECUTABLE_FOLDER_PATH)/Chores";
			};
			name = Release;
		};
		065B0A2F2A6EA90C00B1D35F /* Debug */ = {
			isa = XCBuildConfiguration;
			buildSettings = {
				ALWAYS_EMBED_SWIFT_STANDARD_LIBRARIES = YES;
				CODE_SIGN_STYLE = Automatic;
				CURRENT_PROJECT_VERSION = 1;
				DEVELOPMENT_TEAM = RQJKDFTU3K;
				GENERATE_INFOPLIST_FILE = YES;
				MARKETING_VERSION = 1.0;
				PRODUCT_BUNDLE_IDENTIFIER = com.app.asd.ChoresUITests;
				PRODUCT_NAME = "$(TARGET_NAME)";
				SWIFT_EMIT_LOC_STRINGS = NO;
				SWIFT_VERSION = 5.0;
				TARGETED_DEVICE_FAMILY = "1,2";
				TEST_TARGET_NAME = Chores;
			};
			name = Debug;
		};
		065B0A302A6EA90C00B1D35F /* Release */ = {
			isa = XCBuildConfiguration;
			buildSettings = {
				ALWAYS_EMBED_SWIFT_STANDARD_LIBRARIES = YES;
				CODE_SIGN_STYLE = Automatic;
				CURRENT_PROJECT_VERSION = 1;
				DEVELOPMENT_TEAM = RQJKDFTU3K;
				GENERATE_INFOPLIST_FILE = YES;
				MARKETING_VERSION = 1.0;
				PRODUCT_BUNDLE_IDENTIFIER = com.app.asd.ChoresUITests;
				PRODUCT_NAME = "$(TARGET_NAME)";
				SWIFT_EMIT_LOC_STRINGS = NO;
				SWIFT_VERSION = 5.0;
				TARGETED_DEVICE_FAMILY = "1,2";
				TEST_TARGET_NAME = Chores;
			};
			name = Release;
		};
/* End XCBuildConfiguration section */

/* Begin XCConfigurationList section */
		065B09FF2A6EA90B00B1D35F /* Build configuration list for PBXProject "Chores" */ = {
			isa = XCConfigurationList;
			buildConfigurations = (
				065B0A262A6EA90C00B1D35F /* Debug */,
				065B0A272A6EA90C00B1D35F /* Release */,
			);
			defaultConfigurationIsVisible = 0;
			defaultConfigurationName = Release;
		};
		065B0A282A6EA90C00B1D35F /* Build configuration list for PBXNativeTarget "Chores" */ = {
			isa = XCConfigurationList;
			buildConfigurations = (
				065B0A292A6EA90C00B1D35F /* Debug */,
				065B0A2A2A6EA90C00B1D35F /* Release */,
			);
			defaultConfigurationIsVisible = 0;
			defaultConfigurationName = Release;
		};
		065B0A2B2A6EA90C00B1D35F /* Build configuration list for PBXNativeTarget "ChoresTests" */ = {
			isa = XCConfigurationList;
			buildConfigurations = (
				065B0A2C2A6EA90C00B1D35F /* Debug */,
				065B0A2D2A6EA90C00B1D35F /* Release */,
			);
			defaultConfigurationIsVisible = 0;
			defaultConfigurationName = Release;
		};
		065B0A2E2A6EA90C00B1D35F /* Build configuration list for PBXNativeTarget "ChoresUITests" */ = {
			isa = XCConfigurationList;
			buildConfigurations = (
				065B0A2F2A6EA90C00B1D35F /* Debug */,
				065B0A302A6EA90C00B1D35F /* Release */,
			);
			defaultConfigurationIsVisible = 0;
			defaultConfigurationName = Release;
		};
/* End XCConfigurationList section */

/* Begin XCRemoteSwiftPackageReference section */
		170FE76D2A70003B00F7BD45 /* XCRemoteSwiftPackageReference "realm-swift" */ = {
			isa = XCRemoteSwiftPackageReference;
			repositoryURL = "https://github.com/realm/realm-swift.git";
			requirement = {
				kind = upToNextMajorVersion;
				minimumVersion = 10.41.1;
			};
		};
/* End XCRemoteSwiftPackageReference section */

/* Begin XCSwiftPackageProductDependency section */
		170FE76E2A70003B00F7BD45 /* Realm */ = {
			isa = XCSwiftPackageProductDependency;
			package = 170FE76D2A70003B00F7BD45 /* XCRemoteSwiftPackageReference "realm-swift" */;
			productName = Realm;
		};
		170FE7702A70003B00F7BD45 /* RealmSwift */ = {
			isa = XCSwiftPackageProductDependency;
			package = 170FE76D2A70003B00F7BD45 /* XCRemoteSwiftPackageReference "realm-swift" */;
			productName = RealmSwift;
		};
/* End XCSwiftPackageProductDependency section */
	};
	rootObject = 065B09FC2A6EA90B00B1D35F /* Project object */;
}
